// !$*UTF8*$!
{
	archiveVersion = 1;
	classes = {
	};
	objectVersion = 56;
	objects = {

/* Begin PBXBuildFile section */
		696564B42B2DD6FE00FD8CEB /* SwiftLintTestApp.swift in Sources */ = {isa = PBXBuildFile; fileRef = 696564B32B2DD6FE00FD8CEB /* SwiftLintTestApp.swift */; };
		696564B62B2DD6FE00FD8CEB /* ContentView.swift in Sources */ = {isa = PBXBuildFile; fileRef = 696564B52B2DD6FE00FD8CEB /* ContentView.swift */; };
		696564B82B2DD6FF00FD8CEB /* Assets.xcassets in Resources */ = {isa = PBXBuildFile; fileRef = 696564B72B2DD6FF00FD8CEB /* Assets.xcassets */; };
		696564BB2B2DD6FF00FD8CEB /* Preview Assets.xcassets in Resources */ = {isa = PBXBuildFile; fileRef = 696564BA2B2DD6FF00FD8CEB /* Preview Assets.xcassets */; };
		696564C52B2DD6FF00FD8CEB /* SwiftLintTestTests.swift in Sources */ = {isa = PBXBuildFile; fileRef = 696564C42B2DD6FF00FD8CEB /* SwiftLintTestTests.swift */; };
		696564CF2B2DD6FF00FD8CEB /* SwiftLintTestUITests.swift in Sources */ = {isa = PBXBuildFile; fileRef = 696564CE2B2DD6FF00FD8CEB /* SwiftLintTestUITests.swift */; };
		696564D12B2DD6FF00FD8CEB /* SwiftLintTestUITestsLaunchTests.swift in Sources */ = {isa = PBXBuildFile; fileRef = 696564D02B2DD6FF00FD8CEB /* SwiftLintTestUITestsLaunchTests.swift */; };
		6DFC35881A47DB9CDEED926A /* Pods_SwiftLintTest.framework in Frameworks */ = {isa = PBXBuildFile; fileRef = 4C7F0882249E84F176AA6076 /* Pods_SwiftLintTest.framework */; };
		7690C5B9B57A8B3E90EB9C94 /* Pods_SwiftLintTestTests.framework in Frameworks */ = {isa = PBXBuildFile; fileRef = 4DAA31EA62FFE7A8DE9FAD9B /* Pods_SwiftLintTestTests.framework */; };
		A9E553423165F685FCF0B5F9 /* Pods_SwiftLintTest_SwiftLintTestUITests.framework in Frameworks */ = {isa = PBXBuildFile; fileRef = 0056555911304C298ED80DCD /* Pods_SwiftLintTest_SwiftLintTestUITests.framework */; };
/* End PBXBuildFile section */

/* Begin PBXContainerItemProxy section */
		696564C12B2DD6FF00FD8CEB /* PBXContainerItemProxy */ = {
			isa = PBXContainerItemProxy;
			containerPortal = 696564A82B2DD6FD00FD8CEB /* Project object */;
			proxyType = 1;
			remoteGlobalIDString = 696564AF2B2DD6FD00FD8CEB;
			remoteInfo = SwiftLintTest;
		};
		696564CB2B2DD6FF00FD8CEB /* PBXContainerItemProxy */ = {
			isa = PBXContainerItemProxy;
			containerPortal = 696564A82B2DD6FD00FD8CEB /* Project object */;
			proxyType = 1;
			remoteGlobalIDString = 696564AF2B2DD6FD00FD8CEB;
			remoteInfo = SwiftLintTest;
		};
/* End PBXContainerItemProxy section */

/* Begin PBXFileReference section */
		0056555911304C298ED80DCD /* Pods_SwiftLintTest_SwiftLintTestUITests.framework */ = {isa = PBXFileReference; explicitFileType = wrapper.framework; includeInIndex = 0; path = Pods_SwiftLintTest_SwiftLintTestUITests.framework; sourceTree = BUILT_PRODUCTS_DIR; };
		19D771766BB2F69698E7175E /* Pods-SwiftLintTest-SwiftLintTestUITests.debug.xcconfig */ = {isa = PBXFileReference; includeInIndex = 1; lastKnownFileType = text.xcconfig; name = "Pods-SwiftLintTest-SwiftLintTestUITests.debug.xcconfig"; path = "Target Support Files/Pods-SwiftLintTest-SwiftLintTestUITests/Pods-SwiftLintTest-SwiftLintTestUITests.debug.xcconfig"; sourceTree = "<group>"; };
		2A746EE0B57AF3442132511D /* Pods-SwiftLintTest.debug.xcconfig */ = {isa = PBXFileReference; includeInIndex = 1; lastKnownFileType = text.xcconfig; name = "Pods-SwiftLintTest.debug.xcconfig"; path = "Target Support Files/Pods-SwiftLintTest/Pods-SwiftLintTest.debug.xcconfig"; sourceTree = "<group>"; };
		35FC852B877F0117CDE86F53 /* Pods-SwiftLintTestTests.debug.xcconfig */ = {isa = PBXFileReference; includeInIndex = 1; lastKnownFileType = text.xcconfig; name = "Pods-SwiftLintTestTests.debug.xcconfig"; path = "Target Support Files/Pods-SwiftLintTestTests/Pods-SwiftLintTestTests.debug.xcconfig"; sourceTree = "<group>"; };
		3652349ADFDAD04F05F24F13 /* Pods-SwiftLintTest.release.xcconfig */ = {isa = PBXFileReference; includeInIndex = 1; lastKnownFileType = text.xcconfig; name = "Pods-SwiftLintTest.release.xcconfig"; path = "Target Support Files/Pods-SwiftLintTest/Pods-SwiftLintTest.release.xcconfig"; sourceTree = "<group>"; };
		4C7F0882249E84F176AA6076 /* Pods_SwiftLintTest.framework */ = {isa = PBXFileReference; explicitFileType = wrapper.framework; includeInIndex = 0; path = Pods_SwiftLintTest.framework; sourceTree = BUILT_PRODUCTS_DIR; };
		4DAA31EA62FFE7A8DE9FAD9B /* Pods_SwiftLintTestTests.framework */ = {isa = PBXFileReference; explicitFileType = wrapper.framework; includeInIndex = 0; path = Pods_SwiftLintTestTests.framework; sourceTree = BUILT_PRODUCTS_DIR; };
		696564B02B2DD6FD00FD8CEB /* SwiftLintTest.app */ = {isa = PBXFileReference; explicitFileType = wrapper.application; includeInIndex = 0; path = SwiftLintTest.app; sourceTree = BUILT_PRODUCTS_DIR; };
		696564B32B2DD6FE00FD8CEB /* SwiftLintTestApp.swift */ = {isa = PBXFileReference; lastKnownFileType = sourcecode.swift; path = SwiftLintTestApp.swift; sourceTree = "<group>"; };
		696564B52B2DD6FE00FD8CEB /* ContentView.swift */ = {isa = PBXFileReference; lastKnownFileType = sourcecode.swift; path = ContentView.swift; sourceTree = "<group>"; };
		696564B72B2DD6FF00FD8CEB /* Assets.xcassets */ = {isa = PBXFileReference; lastKnownFileType = folder.assetcatalog; path = Assets.xcassets; sourceTree = "<group>"; };
		696564BA2B2DD6FF00FD8CEB /* Preview Assets.xcassets */ = {isa = PBXFileReference; lastKnownFileType = folder.assetcatalog; path = "Preview Assets.xcassets"; sourceTree = "<group>"; };
		696564C02B2DD6FF00FD8CEB /* SwiftLintTestTests.xctest */ = {isa = PBXFileReference; explicitFileType = wrapper.cfbundle; includeInIndex = 0; path = SwiftLintTestTests.xctest; sourceTree = BUILT_PRODUCTS_DIR; };
		696564C42B2DD6FF00FD8CEB /* SwiftLintTestTests.swift */ = {isa = PBXFileReference; lastKnownFileType = sourcecode.swift; path = SwiftLintTestTests.swift; sourceTree = "<group>"; };
		696564CA2B2DD6FF00FD8CEB /* SwiftLintTestUITests.xctest */ = {isa = PBXFileReference; explicitFileType = wrapper.cfbundle; includeInIndex = 0; path = SwiftLintTestUITests.xctest; sourceTree = BUILT_PRODUCTS_DIR; };
		696564CE2B2DD6FF00FD8CEB /* SwiftLintTestUITests.swift */ = {isa = PBXFileReference; lastKnownFileType = sourcecode.swift; path = SwiftLintTestUITests.swift; sourceTree = "<group>"; };
		696564D02B2DD6FF00FD8CEB /* SwiftLintTestUITestsLaunchTests.swift */ = {isa = PBXFileReference; lastKnownFileType = sourcecode.swift; path = SwiftLintTestUITestsLaunchTests.swift; sourceTree = "<group>"; };
		9C8EB4CFCC4214E6614E3253 /* Pods-SwiftLintTestTests.release.xcconfig */ = {isa = PBXFileReference; includeInIndex = 1; lastKnownFileType = text.xcconfig; name = "Pods-SwiftLintTestTests.release.xcconfig"; path = "Target Support Files/Pods-SwiftLintTestTests/Pods-SwiftLintTestTests.release.xcconfig"; sourceTree = "<group>"; };
		D66335EEA45674391CF218F1 /* Pods-SwiftLintTest-SwiftLintTestUITests.release.xcconfig */ = {isa = PBXFileReference; includeInIndex = 1; lastKnownFileType = text.xcconfig; name = "Pods-SwiftLintTest-SwiftLintTestUITests.release.xcconfig"; path = "Target Support Files/Pods-SwiftLintTest-SwiftLintTestUITests/Pods-SwiftLintTest-SwiftLintTestUITests.release.xcconfig"; sourceTree = "<group>"; };
/* End PBXFileReference section */

/* Begin PBXFrameworksBuildPhase section */
		696564AD2B2DD6FD00FD8CEB /* Frameworks */ = {
			isa = PBXFrameworksBuildPhase;
			buildActionMask = 2147483647;
			files = (
				6DFC35881A47DB9CDEED926A /* Pods_SwiftLintTest.framework in Frameworks */,
			);
			runOnlyForDeploymentPostprocessing = 0;
		};
		696564BD2B2DD6FF00FD8CEB /* Frameworks */ = {
			isa = PBXFrameworksBuildPhase;
			buildActionMask = 2147483647;
			files = (
				7690C5B9B57A8B3E90EB9C94 /* Pods_SwiftLintTestTests.framework in Frameworks */,
			);
			runOnlyForDeploymentPostprocessing = 0;
		};
		696564C72B2DD6FF00FD8CEB /* Frameworks */ = {
			isa = PBXFrameworksBuildPhase;
			buildActionMask = 2147483647;
			files = (
				A9E553423165F685FCF0B5F9 /* Pods_SwiftLintTest_SwiftLintTestUITests.framework in Frameworks */,
			);
			runOnlyForDeploymentPostprocessing = 0;
		};
/* End PBXFrameworksBuildPhase section */

/* Begin PBXGroup section */
		1945260110FF4F3A79889804 /* Frameworks */ = {
			isa = PBXGroup;
			children = (
				4C7F0882249E84F176AA6076 /* Pods_SwiftLintTest.framework */,
				0056555911304C298ED80DCD /* Pods_SwiftLintTest_SwiftLintTestUITests.framework */,
				4DAA31EA62FFE7A8DE9FAD9B /* Pods_SwiftLintTestTests.framework */,
			);
			name = Frameworks;
			sourceTree = "<group>";
		};
		696564A72B2DD6FD00FD8CEB = {
			isa = PBXGroup;
			children = (
				696564B22B2DD6FD00FD8CEB /* SwiftLintTest */,
				696564C32B2DD6FF00FD8CEB /* SwiftLintTestTests */,
				696564CD2B2DD6FF00FD8CEB /* SwiftLintTestUITests */,
				696564B12B2DD6FD00FD8CEB /* Products */,
				ADEAD553E9884D8D15915416 /* Pods */,
				1945260110FF4F3A79889804 /* Frameworks */,
			);
			sourceTree = "<group>";
		};
		696564B12B2DD6FD00FD8CEB /* Products */ = {
			isa = PBXGroup;
			children = (
				696564B02B2DD6FD00FD8CEB /* SwiftLintTest.app */,
				696564C02B2DD6FF00FD8CEB /* SwiftLintTestTests.xctest */,
				696564CA2B2DD6FF00FD8CEB /* SwiftLintTestUITests.xctest */,
			);
			name = Products;
			sourceTree = "<group>";
		};
		696564B22B2DD6FD00FD8CEB /* SwiftLintTest */ = {
			isa = PBXGroup;
			children = (
				696564B32B2DD6FE00FD8CEB /* SwiftLintTestApp.swift */,
				696564B52B2DD6FE00FD8CEB /* ContentView.swift */,
				696564B72B2DD6FF00FD8CEB /* Assets.xcassets */,
				696564B92B2DD6FF00FD8CEB /* Preview Content */,
			);
			path = SwiftLintTest;
			sourceTree = "<group>";
		};
		696564B92B2DD6FF00FD8CEB /* Preview Content */ = {
			isa = PBXGroup;
			children = (
				696564BA2B2DD6FF00FD8CEB /* Preview Assets.xcassets */,
			);
			path = "Preview Content";
			sourceTree = "<group>";
		};
		696564C32B2DD6FF00FD8CEB /* SwiftLintTestTests */ = {
			isa = PBXGroup;
			children = (
				696564C42B2DD6FF00FD8CEB /* SwiftLintTestTests.swift */,
			);
			path = SwiftLintTestTests;
			sourceTree = "<group>";
		};
		696564CD2B2DD6FF00FD8CEB /* SwiftLintTestUITests */ = {
			isa = PBXGroup;
			children = (
				696564CE2B2DD6FF00FD8CEB /* SwiftLintTestUITests.swift */,
				696564D02B2DD6FF00FD8CEB /* SwiftLintTestUITestsLaunchTests.swift */,
			);
			path = SwiftLintTestUITests;
			sourceTree = "<group>";
		};
		ADEAD553E9884D8D15915416 /* Pods */ = {
			isa = PBXGroup;
			children = (
				2A746EE0B57AF3442132511D /* Pods-SwiftLintTest.debug.xcconfig */,
				3652349ADFDAD04F05F24F13 /* Pods-SwiftLintTest.release.xcconfig */,
				19D771766BB2F69698E7175E /* Pods-SwiftLintTest-SwiftLintTestUITests.debug.xcconfig */,
				D66335EEA45674391CF218F1 /* Pods-SwiftLintTest-SwiftLintTestUITests.release.xcconfig */,
				35FC852B877F0117CDE86F53 /* Pods-SwiftLintTestTests.debug.xcconfig */,
				9C8EB4CFCC4214E6614E3253 /* Pods-SwiftLintTestTests.release.xcconfig */,
			);
			path = Pods;
			sourceTree = "<group>";
		};
/* End PBXGroup section */

/* Begin PBXNativeTarget section */
		696564AF2B2DD6FD00FD8CEB /* SwiftLintTest */ = {
			isa = PBXNativeTarget;
			buildConfigurationList = 696564D42B2DD6FF00FD8CEB /* Build configuration list for PBXNativeTarget "SwiftLintTest" */;
			buildPhases = (
				E9D4E578C8C3531416525E93 /* [CP] Check Pods Manifest.lock */,
				696564AC2B2DD6FD00FD8CEB /* Sources */,
				696564AD2B2DD6FD00FD8CEB /* Frameworks */,
				696564AE2B2DD6FD00FD8CEB /* Resources */,
				696564DD2B2DEC7F00FD8CEB /* Run Script */,
			);
			buildRules = (
			);
			dependencies = (
			);
			name = SwiftLintTest;
			productName = SwiftLintTest;
			productReference = 696564B02B2DD6FD00FD8CEB /* SwiftLintTest.app */;
			productType = "com.apple.product-type.application";
		};
		696564BF2B2DD6FF00FD8CEB /* SwiftLintTestTests */ = {
			isa = PBXNativeTarget;
			buildConfigurationList = 696564D72B2DD6FF00FD8CEB /* Build configuration list for PBXNativeTarget "SwiftLintTestTests" */;
			buildPhases = (
				8123B51A1CC9168E162C4C66 /* [CP] Check Pods Manifest.lock */,
				696564BC2B2DD6FF00FD8CEB /* Sources */,
				696564BD2B2DD6FF00FD8CEB /* Frameworks */,
				696564BE2B2DD6FF00FD8CEB /* Resources */,
			);
			buildRules = (
			);
			dependencies = (
				696564C22B2DD6FF00FD8CEB /* PBXTargetDependency */,
			);
			name = SwiftLintTestTests;
			productName = SwiftLintTestTests;
			productReference = 696564C02B2DD6FF00FD8CEB /* SwiftLintTestTests.xctest */;
			productType = "com.apple.product-type.bundle.unit-test";
		};
		696564C92B2DD6FF00FD8CEB /* SwiftLintTestUITests */ = {
			isa = PBXNativeTarget;
			buildConfigurationList = 696564DA2B2DD6FF00FD8CEB /* Build configuration list for PBXNativeTarget "SwiftLintTestUITests" */;
			buildPhases = (
				39DC58AC2B55D60C0B0B1171 /* [CP] Check Pods Manifest.lock */,
				696564C62B2DD6FF00FD8CEB /* Sources */,
				696564C72B2DD6FF00FD8CEB /* Frameworks */,
				696564C82B2DD6FF00FD8CEB /* Resources */,
			);
			buildRules = (
			);
			dependencies = (
				696564CC2B2DD6FF00FD8CEB /* PBXTargetDependency */,
			);
			name = SwiftLintTestUITests;
			productName = SwiftLintTestUITests;
			productReference = 696564CA2B2DD6FF00FD8CEB /* SwiftLintTestUITests.xctest */;
			productType = "com.apple.product-type.bundle.ui-testing";
		};
/* End PBXNativeTarget section */

/* Begin PBXProject section */
		696564A82B2DD6FD00FD8CEB /* Project object */ = {
			isa = PBXProject;
			attributes = {
				BuildIndependentTargetsInParallel = 1;
				LastSwiftUpdateCheck = 1510;
				LastUpgradeCheck = 1510;
				TargetAttributes = {
					696564AF2B2DD6FD00FD8CEB = {
						CreatedOnToolsVersion = 15.1;
					};
					696564BF2B2DD6FF00FD8CEB = {
						CreatedOnToolsVersion = 15.1;
						TestTargetID = 696564AF2B2DD6FD00FD8CEB;
					};
					696564C92B2DD6FF00FD8CEB = {
						CreatedOnToolsVersion = 15.1;
						TestTargetID = 696564AF2B2DD6FD00FD8CEB;
					};
				};
			};
			buildConfigurationList = 696564AB2B2DD6FD00FD8CEB /* Build configuration list for PBXProject "SwiftLintTest" */;
			compatibilityVersion = "Xcode 14.0";
			developmentRegion = en;
			hasScannedForEncodings = 0;
			knownRegions = (
				en,
				Base,
			);
			mainGroup = 696564A72B2DD6FD00FD8CEB;
			productRefGroup = 696564B12B2DD6FD00FD8CEB /* Products */;
			projectDirPath = "";
			projectRoot = "";
			targets = (
				696564AF2B2DD6FD00FD8CEB /* SwiftLintTest */,
				696564BF2B2DD6FF00FD8CEB /* SwiftLintTestTests */,
				696564C92B2DD6FF00FD8CEB /* SwiftLintTestUITests */,
			);
		};
/* End PBXProject section */

/* Begin PBXResourcesBuildPhase section */
		696564AE2B2DD6FD00FD8CEB /* Resources */ = {
			isa = PBXResourcesBuildPhase;
			buildActionMask = 2147483647;
			files = (
				696564BB2B2DD6FF00FD8CEB /* Preview Assets.xcassets in Resources */,
				696564B82B2DD6FF00FD8CEB /* Assets.xcassets in Resources */,
			);
			runOnlyForDeploymentPostprocessing = 0;
		};
		696564BE2B2DD6FF00FD8CEB /* Resources */ = {
			isa = PBXResourcesBuildPhase;
			buildActionMask = 2147483647;
			files = (
			);
			runOnlyForDeploymentPostprocessing = 0;
		};
		696564C82B2DD6FF00FD8CEB /* Resources */ = {
			isa = PBXResourcesBuildPhase;
			buildActionMask = 2147483647;
			files = (
			);
			runOnlyForDeploymentPostprocessing = 0;
		};
/* End PBXResourcesBuildPhase section */

/* Begin PBXShellScriptBuildPhase section */
		39DC58AC2B55D60C0B0B1171 /* [CP] Check Pods Manifest.lock */ = {
			isa = PBXShellScriptBuildPhase;
			buildActionMask = 2147483647;
			files = (
			);
			inputFileListPaths = (
			);
			inputPaths = (
				"${PODS_PODFILE_DIR_PATH}/Podfile.lock",
				"${PODS_ROOT}/Manifest.lock",
			);
			name = "[CP] Check Pods Manifest.lock";
			outputFileListPaths = (
			);
			outputPaths = (
				"$(DERIVED_FILE_DIR)/Pods-SwiftLintTest-SwiftLintTestUITests-checkManifestLockResult.txt",
			);
			runOnlyForDeploymentPostprocessing = 0;
			shellPath = /bin/sh;
			shellScript = "diff \"${PODS_PODFILE_DIR_PATH}/Podfile.lock\" \"${PODS_ROOT}/Manifest.lock\" > /dev/null\nif [ $? != 0 ] ; then\n    # print error to STDERR\n    echo \"error: The sandbox is not in sync with the Podfile.lock. Run 'pod install' or update your CocoaPods installation.\" >&2\n    exit 1\nfi\n# This output is used by Xcode 'outputs' to avoid re-running this script phase.\necho \"SUCCESS\" > \"${SCRIPT_OUTPUT_FILE_0}\"\n";
			showEnvVarsInLog = 0;
		};
		696564DD2B2DEC7F00FD8CEB /* Run Script */ = {
			isa = PBXShellScriptBuildPhase;
			buildActionMask = 2147483647;
			files = (
			);
			inputFileListPaths = (
			);
			inputPaths = (
			);
			name = "Run Script";
			outputFileListPaths = (
			);
			outputPaths = (
			);
			runOnlyForDeploymentPostprocessing = 0;
			shellPath = /bin/sh;
			shellScript = "if which \"${PODS_ROOT}/SwiftLint/swiftlint\" >/dev/null; then\n${PODS_ROOT}/SwiftLint/swiftlint\nelse\necho \"warning: SwiftLint not installed, download from https://github.com/realm/SwiftLint\"\nfi\n";
		};
		8123B51A1CC9168E162C4C66 /* [CP] Check Pods Manifest.lock */ = {
			isa = PBXShellScriptBuildPhase;
			buildActionMask = 2147483647;
			files = (
			);
			inputFileListPaths = (
			);
			inputPaths = (
				"${PODS_PODFILE_DIR_PATH}/Podfile.lock",
				"${PODS_ROOT}/Manifest.lock",
			);
			name = "[CP] Check Pods Manifest.lock";
			outputFileListPaths = (
			);
			outputPaths = (
				"$(DERIVED_FILE_DIR)/Pods-SwiftLintTestTests-checkManifestLockResult.txt",
			);
			runOnlyForDeploymentPostprocessing = 0;
			shellPath = /bin/sh;
			shellScript = "diff \"${PODS_PODFILE_DIR_PATH}/Podfile.lock\" \"${PODS_ROOT}/Manifest.lock\" > /dev/null\nif [ $? != 0 ] ; then\n    # print error to STDERR\n    echo \"error: The sandbox is not in sync with the Podfile.lock. Run 'pod install' or update your CocoaPods installation.\" >&2\n    exit 1\nfi\n# This output is used by Xcode 'outputs' to avoid re-running this script phase.\necho \"SUCCESS\" > \"${SCRIPT_OUTPUT_FILE_0}\"\n";
			showEnvVarsInLog = 0;
		};
		E9D4E578C8C3531416525E93 /* [CP] Check Pods Manifest.lock */ = {
			isa = PBXShellScriptBuildPhase;
			buildActionMask = 2147483647;
			files = (
			);
			inputFileListPaths = (
			);
			inputPaths = (
				"${PODS_PODFILE_DIR_PATH}/Podfile.lock",
				"${PODS_ROOT}/Manifest.lock",
			);
			name = "[CP] Check Pods Manifest.lock";
			outputFileListPaths = (
			);
			outputPaths = (
				"$(DERIVED_FILE_DIR)/Pods-SwiftLintTest-checkManifestLockResult.txt",
			);
			runOnlyForDeploymentPostprocessing = 0;
			shellPath = /bin/sh;
			shellScript = "diff \"${PODS_PODFILE_DIR_PATH}/Podfile.lock\" \"${PODS_ROOT}/Manifest.lock\" > /dev/null\nif [ $? != 0 ] ; then\n    # print error to STDERR\n    echo \"error: The sandbox is not in sync with the Podfile.lock. Run 'pod install' or update your CocoaPods installation.\" >&2\n    exit 1\nfi\n# This output is used by Xcode 'outputs' to avoid re-running this script phase.\necho \"SUCCESS\" > \"${SCRIPT_OUTPUT_FILE_0}\"\n";
			showEnvVarsInLog = 0;
		};
/* End PBXShellScriptBuildPhase section */

/* Begin PBXSourcesBuildPhase section */
		696564AC2B2DD6FD00FD8CEB /* Sources */ = {
			isa = PBXSourcesBuildPhase;
			buildActionMask = 2147483647;
			files = (
				696564B62B2DD6FE00FD8CEB /* ContentView.swift in Sources */,
				696564B42B2DD6FE00FD8CEB /* SwiftLintTestApp.swift in Sources */,
			);
			runOnlyForDeploymentPostprocessing = 0;
		};
		696564BC2B2DD6FF00FD8CEB /* Sources */ = {
			isa = PBXSourcesBuildPhase;
			buildActionMask = 2147483647;
			files = (
				696564C52B2DD6FF00FD8CEB /* SwiftLintTestTests.swift in Sources */,
			);
			runOnlyForDeploymentPostprocessing = 0;
		};
		696564C62B2DD6FF00FD8CEB /* Sources */ = {
			isa = PBXSourcesBuildPhase;
			buildActionMask = 2147483647;
			files = (
				696564CF2B2DD6FF00FD8CEB /* SwiftLintTestUITests.swift in Sources */,
				696564D12B2DD6FF00FD8CEB /* SwiftLintTestUITestsLaunchTests.swift in Sources */,
			);
			runOnlyForDeploymentPostprocessing = 0;
		};
/* End PBXSourcesBuildPhase section */

/* Begin PBXTargetDependency section */
		696564C22B2DD6FF00FD8CEB /* PBXTargetDependency */ = {
			isa = PBXTargetDependency;
			target = 696564AF2B2DD6FD00FD8CEB /* SwiftLintTest */;
			targetProxy = 696564C12B2DD6FF00FD8CEB /* PBXContainerItemProxy */;
		};
		696564CC2B2DD6FF00FD8CEB /* PBXTargetDependency */ = {
			isa = PBXTargetDependency;
			target = 696564AF2B2DD6FD00FD8CEB /* SwiftLintTest */;
			targetProxy = 696564CB2B2DD6FF00FD8CEB /* PBXContainerItemProxy */;
		};
/* End PBXTargetDependency section */

/* Begin XCBuildConfiguration section */
		696564D22B2DD6FF00FD8CEB /* Debug */ = {
			isa = XCBuildConfiguration;
			buildSettings = {
				ALWAYS_SEARCH_USER_PATHS = NO;
				ASSETCATALOG_COMPILER_GENERATE_SWIFT_ASSET_SYMBOL_EXTENSIONS = YES;
				CLANG_ANALYZER_NONNULL = YES;
				CLANG_ANALYZER_NUMBER_OBJECT_CONVERSION = YES_AGGRESSIVE;
				CLANG_CXX_LANGUAGE_STANDARD = "gnu++20";
				CLANG_ENABLE_MODULES = YES;
				CLANG_ENABLE_OBJC_ARC = YES;
				CLANG_ENABLE_OBJC_WEAK = YES;
				CLANG_WARN_BLOCK_CAPTURE_AUTORELEASING = YES;
				CLANG_WARN_BOOL_CONVERSION = YES;
				CLANG_WARN_COMMA = YES;
				CLANG_WARN_CONSTANT_CONVERSION = YES;
				CLANG_WARN_DEPRECATED_OBJC_IMPLEMENTATIONS = YES;
				CLANG_WARN_DIRECT_OBJC_ISA_USAGE = YES_ERROR;
				CLANG_WARN_DOCUMENTATION_COMMENTS = YES;
				CLANG_WARN_EMPTY_BODY = YES;
				CLANG_WARN_ENUM_CONVERSION = YES;
				CLANG_WARN_INFINITE_RECURSION = YES;
				CLANG_WARN_INT_CONVERSION = YES;
				CLANG_WARN_NON_LITERAL_NULL_CONVERSION = YES;
				CLANG_WARN_OBJC_IMPLICIT_RETAIN_SELF = YES;
				CLANG_WARN_OBJC_LITERAL_CONVERSION = YES;
				CLANG_WARN_OBJC_ROOT_CLASS = YES_ERROR;
				CLANG_WARN_QUOTED_INCLUDE_IN_FRAMEWORK_HEADER = YES;
				CLANG_WARN_RANGE_LOOP_ANALYSIS = YES;
				CLANG_WARN_STRICT_PROTOTYPES = YES;
				CLANG_WARN_SUSPICIOUS_MOVE = YES;
				CLANG_WARN_UNGUARDED_AVAILABILITY = YES_AGGRESSIVE;
				CLANG_WARN_UNREACHABLE_CODE = YES;
				CLANG_WARN__DUPLICATE_METHOD_MATCH = YES;
				COPY_PHASE_STRIP = NO;
				DEBUG_INFORMATION_FORMAT = dwarf;
				ENABLE_STRICT_OBJC_MSGSEND = YES;
				ENABLE_TESTABILITY = YES;
				ENABLE_USER_SCRIPT_SANDBOXING = NO;
				GCC_C_LANGUAGE_STANDARD = gnu17;
				GCC_DYNAMIC_NO_PIC = NO;
				GCC_NO_COMMON_BLOCKS = YES;
				GCC_OPTIMIZATION_LEVEL = 0;
				GCC_PREPROCESSOR_DEFINITIONS = (
					"DEBUG=1",
					"$(inherited)",
				);
				GCC_WARN_64_TO_32_BIT_CONVERSION = YES;
				GCC_WARN_ABOUT_RETURN_TYPE = YES_ERROR;
				GCC_WARN_UNDECLARED_SELECTOR = YES;
				GCC_WARN_UNINITIALIZED_AUTOS = YES_AGGRESSIVE;
				GCC_WARN_UNUSED_FUNCTION = YES;
				GCC_WARN_UNUSED_VARIABLE = YES;
				IPHONEOS_DEPLOYMENT_TARGET = 17.2;
				LOCALIZATION_PREFERS_STRING_CATALOGS = YES;
				MTL_ENABLE_DEBUG_INFO = INCLUDE_SOURCE;
				MTL_FAST_MATH = YES;
				ONLY_ACTIVE_ARCH = YES;
				SDKROOT = iphoneos;
				SWIFT_ACTIVE_COMPILATION_CONDITIONS = "DEBUG $(inherited)";
				SWIFT_OPTIMIZATION_LEVEL = "-Onone";
			};
			name = Debug;
		};
		696564D32B2DD6FF00FD8CEB /* Release */ = {
			isa = XCBuildConfiguration;
			buildSettings = {
				ALWAYS_SEARCH_USER_PATHS = NO;
				ASSETCATALOG_COMPILER_GENERATE_SWIFT_ASSET_SYMBOL_EXTENSIONS = YES;
				CLANG_ANALYZER_NONNULL = YES;
				CLANG_ANALYZER_NUMBER_OBJECT_CONVERSION = YES_AGGRESSIVE;
				CLANG_CXX_LANGUAGE_STANDARD = "gnu++20";
				CLANG_ENABLE_MODULES = YES;
				CLANG_ENABLE_OBJC_ARC = YES;
				CLANG_ENABLE_OBJC_WEAK = YES;
				CLANG_WARN_BLOCK_CAPTURE_AUTORELEASING = YES;
				CLANG_WARN_BOOL_CONVERSION = YES;
				CLANG_WARN_COMMA = YES;
				CLANG_WARN_CONSTANT_CONVERSION = YES;
				CLANG_WARN_DEPRECATED_OBJC_IMPLEMENTATIONS = YES;
				CLANG_WARN_DIRECT_OBJC_ISA_USAGE = YES_ERROR;
				CLANG_WARN_DOCUMENTATION_COMMENTS = YES;
				CLANG_WARN_EMPTY_BODY = YES;
				CLANG_WARN_ENUM_CONVERSION = YES;
				CLANG_WARN_INFINITE_RECURSION = YES;
				CLANG_WARN_INT_CONVERSION = YES;
				CLANG_WARN_NON_LITERAL_NULL_CONVERSION = YES;
				CLANG_WARN_OBJC_IMPLICIT_RETAIN_SELF = YES;
				CLANG_WARN_OBJC_LITERAL_CONVERSION = YES;
				CLANG_WARN_OBJC_ROOT_CLASS = YES_ERROR;
				CLANG_WARN_QUOTED_INCLUDE_IN_FRAMEWORK_HEADER = YES;
				CLANG_WARN_RANGE_LOOP_ANALYSIS = YES;
				CLANG_WARN_STRICT_PROTOTYPES = YES;
				CLANG_WARN_SUSPICIOUS_MOVE = YES;
				CLANG_WARN_UNGUARDED_AVAILABILITY = YES_AGGRESSIVE;
				CLANG_WARN_UNREACHABLE_CODE = YES;
				CLANG_WARN__DUPLICATE_METHOD_MATCH = YES;
				COPY_PHASE_STRIP = NO;
				DEBUG_INFORMATION_FORMAT = "dwarf-with-dsym";
				ENABLE_NS_ASSERTIONS = NO;
				ENABLE_STRICT_OBJC_MSGSEND = YES;
				ENABLE_USER_SCRIPT_SANDBOXING = NO;
				GCC_C_LANGUAGE_STANDARD = gnu17;
				GCC_NO_COMMON_BLOCKS = YES;
				GCC_WARN_64_TO_32_BIT_CONVERSION = YES;
				GCC_WARN_ABOUT_RETURN_TYPE = YES_ERROR;
				GCC_WARN_UNDECLARED_SELECTOR = YES;
				GCC_WARN_UNINITIALIZED_AUTOS = YES_AGGRESSIVE;
				GCC_WARN_UNUSED_FUNCTION = YES;
				GCC_WARN_UNUSED_VARIABLE = YES;
				IPHONEOS_DEPLOYMENT_TARGET = 17.2;
				LOCALIZATION_PREFERS_STRING_CATALOGS = YES;
				MTL_ENABLE_DEBUG_INFO = NO;
				MTL_FAST_MATH = YES;
				SDKROOT = iphoneos;
				SWIFT_COMPILATION_MODE = wholemodule;
				VALIDATE_PRODUCT = YES;
			};
			name = Release;
		};
		696564D52B2DD6FF00FD8CEB /* Debug */ = {
			isa = XCBuildConfiguration;
			baseConfigurationReference = 2A746EE0B57AF3442132511D /* Pods-SwiftLintTest.debug.xcconfig */;
			buildSettings = {
				ASSETCATALOG_COMPILER_APPICON_NAME = AppIcon;
				ASSETCATALOG_COMPILER_GLOBAL_ACCENT_COLOR_NAME = AccentColor;
				CODE_SIGN_STYLE = Automatic;
				CURRENT_PROJECT_VERSION = 1;
				DEVELOPMENT_ASSET_PATHS = "\"SwiftLintTest/Preview Content\"";
				DEVELOPMENT_TEAM = 6NMWZ48XL4;
				ENABLE_PREVIEWS = YES;
				GENERATE_INFOPLIST_FILE = YES;
				INFOPLIST_KEY_UIApplicationSceneManifest_Generation = YES;
				INFOPLIST_KEY_UIApplicationSupportsIndirectInputEvents = YES;
				INFOPLIST_KEY_UILaunchScreen_Generation = YES;
				INFOPLIST_KEY_UISupportedInterfaceOrientations_iPad = "UIInterfaceOrientationPortrait UIInterfaceOrientationPortraitUpsideDown UIInterfaceOrientationLandscapeLeft UIInterfaceOrientationLandscapeRight";
				INFOPLIST_KEY_UISupportedInterfaceOrientations_iPhone = "UIInterfaceOrientationPortrait UIInterfaceOrientationLandscapeLeft UIInterfaceOrientationLandscapeRight";
				LD_RUNPATH_SEARCH_PATHS = (
					"$(inherited)",
					"@executable_path/Frameworks",
				);
				MARKETING_VERSION = 1.0;
				PRODUCT_BUNDLE_IDENTIFIER = com.sako.SwiftLintTest;
				PRODUCT_NAME = "$(TARGET_NAME)";
				SWIFT_EMIT_LOC_STRINGS = YES;
				SWIFT_VERSION = 5.0;
				TARGETED_DEVICE_FAMILY = "1,2";
			};
			name = Debug;
		};
		696564D62B2DD6FF00FD8CEB /* Release */ = {
			isa = XCBuildConfiguration;
			baseConfigurationReference = 3652349ADFDAD04F05F24F13 /* Pods-SwiftLintTest.release.xcconfig */;
			buildSettings = {
				ASSETCATALOG_COMPILER_APPICON_NAME = AppIcon;
				ASSETCATALOG_COMPILER_GLOBAL_ACCENT_COLOR_NAME = AccentColor;
				CODE_SIGN_STYLE = Automatic;
				CURRENT_PROJECT_VERSION = 1;
				DEVELOPMENT_ASSET_PATHS = "\"SwiftLintTest/Preview Content\"";
				DEVELOPMENT_TEAM = 6NMWZ48XL4;
				ENABLE_PREVIEWS = YES;
				GENERATE_INFOPLIST_FILE = YES;
				INFOPLIST_KEY_UIApplicationSceneManifest_Generation = YES;
				INFOPLIST_KEY_UIApplicationSupportsIndirectInputEvents = YES;
				INFOPLIST_KEY_UILaunchScreen_Generation = YES;
				INFOPLIST_KEY_UISupportedInterfaceOrientations_iPad = "UIInterfaceOrientationPortrait UIInterfaceOrientationPortraitUpsideDown UIInterfaceOrientationLandscapeLeft UIInterfaceOrientationLandscapeRight";
				INFOPLIST_KEY_UISupportedInterfaceOrientations_iPhone = "UIInterfaceOrientationPortrait UIInterfaceOrientationLandscapeLeft UIInterfaceOrientationLandscapeRight";
				LD_RUNPATH_SEARCH_PATHS = (
					"$(inherited)",
					"@executable_path/Frameworks",
				);
				MARKETING_VERSION = 1.0;
				PRODUCT_BUNDLE_IDENTIFIER = com.sako.SwiftLintTest;
				PRODUCT_NAME = "$(TARGET_NAME)";
				SWIFT_EMIT_LOC_STRINGS = YES;
				SWIFT_VERSION = 5.0;
				TARGETED_DEVICE_FAMILY = "1,2";
			};
			name = Release;
		};
		696564D82B2DD6FF00FD8CEB /* Debug */ = {
			isa = XCBuildConfiguration;
			baseConfigurationReference = 35FC852B877F0117CDE86F53 /* Pods-SwiftLintTestTests.debug.xcconfig */;
			buildSettings = {
				ALWAYS_EMBED_SWIFT_STANDARD_LIBRARIES = YES;
				BUNDLE_LOADER = "$(TEST_HOST)";
				CODE_SIGN_STYLE = Automatic;
				CURRENT_PROJECT_VERSION = 1;
				DEVELOPMENT_TEAM = 6NMWZ48XL4;
				GENERATE_INFOPLIST_FILE = YES;
				IPHONEOS_DEPLOYMENT_TARGET = 17.2;
				MARKETING_VERSION = 1.0;
				PRODUCT_BUNDLE_IDENTIFIER = com.sako.SwiftLintTestTests;
				PRODUCT_NAME = "$(TARGET_NAME)";
				SWIFT_EMIT_LOC_STRINGS = NO;
				SWIFT_VERSION = 5.0;
				TARGETED_DEVICE_FAMILY = "1,2";
				TEST_HOST = "$(BUILT_PRODUCTS_DIR)/SwiftLintTest.app/$(BUNDLE_EXECUTABLE_FOLDER_PATH)/SwiftLintTest";
			};
			name = Debug;
		};
		696564D92B2DD6FF00FD8CEB /* Release */ = {
			isa = XCBuildConfiguration;
			baseConfigurationReference = 9C8EB4CFCC4214E6614E3253 /* Pods-SwiftLintTestTests.release.xcconfig */;
			buildSettings = {
				ALWAYS_EMBED_SWIFT_STANDARD_LIBRARIES = YES;
				BUNDLE_LOADER = "$(TEST_HOST)";
				CODE_SIGN_STYLE = Automatic;
				CURRENT_PROJECT_VERSION = 1;
				DEVELOPMENT_TEAM = 6NMWZ48XL4;
				GENERATE_INFOPLIST_FILE = YES;
				IPHONEOS_DEPLOYMENT_TARGET = 17.2;
				MARKETING_VERSION = 1.0;
				PRODUCT_BUNDLE_IDENTIFIER = com.sako.SwiftLintTestTests;
				PRODUCT_NAME = "$(TARGET_NAME)";
				SWIFT_EMIT_LOC_STRINGS = NO;
				SWIFT_VERSION = 5.0;
				TARGETED_DEVICE_FAMILY = "1,2";
				TEST_HOST = "$(BUILT_PRODUCTS_DIR)/SwiftLintTest.app/$(BUNDLE_EXECUTABLE_FOLDER_PATH)/SwiftLintTest";
			};
			name = Release;
		};
		696564DB2B2DD6FF00FD8CEB /* Debug */ = {
			isa = XCBuildConfiguration;
			baseConfigurationReference = 19D771766BB2F69698E7175E /* Pods-SwiftLintTest-SwiftLintTestUITests.debug.xcconfig */;
			buildSettings = {
				ALWAYS_EMBED_SWIFT_STANDARD_LIBRARIES = YES;
				CODE_SIGN_STYLE = Automatic;
				CURRENT_PROJECT_VERSION = 1;
				DEVELOPMENT_TEAM = 6NMWZ48XL4;
				GENERATE_INFOPLIST_FILE = YES;
				MARKETING_VERSION = 1.0;
				PRODUCT_BUNDLE_IDENTIFIER = com.sako.SwiftLintTestUITests;
				PRODUCT_NAME = "$(TARGET_NAME)";
				SWIFT_EMIT_LOC_STRINGS = NO;
				SWIFT_VERSION = 5.0;
				TARGETED_DEVICE_FAMILY = "1,2";
				TEST_TARGET_NAME = SwiftLintTest;
			};
			name = Debug;
		};
		696564DC2B2DD6FF00FD8CEB /* Release */ = {
			isa = XCBuildConfiguration;
			baseConfigurationReference = D66335EEA45674391CF218F1 /* Pods-SwiftLintTest-SwiftLintTestUITests.release.xcconfig */;
			buildSettings = {
				ALWAYS_EMBED_SWIFT_STANDARD_LIBRARIES = YES;
				CODE_SIGN_STYLE = Automatic;
				CURRENT_PROJECT_VERSION = 1;
				DEVELOPMENT_TEAM = 6NMWZ48XL4;
				GENERATE_INFOPLIST_FILE = YES;
				MARKETING_VERSION = 1.0;
				PRODUCT_BUNDLE_IDENTIFIER = com.sako.SwiftLintTestUITests;
				PRODUCT_NAME = "$(TARGET_NAME)";
				SWIFT_EMIT_LOC_STRINGS = NO;
				SWIFT_VERSION = 5.0;
				TARGETED_DEVICE_FAMILY = "1,2";
				TEST_TARGET_NAME = SwiftLintTest;
			};
			name = Release;
		};
/* End XCBuildConfiguration section */

/* Begin XCConfigurationList section */
		696564AB2B2DD6FD00FD8CEB /* Build configuration list for PBXProject "SwiftLintTest" */ = {
			isa = XCConfigurationList;
			buildConfigurations = (
				696564D22B2DD6FF00FD8CEB /* Debug */,
				696564D32B2DD6FF00FD8CEB /* Release */,
			);
			defaultConfigurationIsVisible = 0;
			defaultConfigurationName = Release;
		};
		696564D42B2DD6FF00FD8CEB /* Build configuration list for PBXNativeTarget "SwiftLintTest" */ = {
			isa = XCConfigurationList;
			buildConfigurations = (
				696564D52B2DD6FF00FD8CEB /* Debug */,
				696564D62B2DD6FF00FD8CEB /* Release */,
			);
			defaultConfigurationIsVisible = 0;
			defaultConfigurationName = Release;
		};
		696564D72B2DD6FF00FD8CEB /* Build configuration list for PBXNativeTarget "SwiftLintTestTests" */ = {
			isa = XCConfigurationList;
			buildConfigurations = (
				696564D82B2DD6FF00FD8CEB /* Debug */,
				696564D92B2DD6FF00FD8CEB /* Release */,
			);
			defaultConfigurationIsVisible = 0;
			defaultConfigurationName = Release;
		};
		696564DA2B2DD6FF00FD8CEB /* Build configuration list for PBXNativeTarget "SwiftLintTestUITests" */ = {
			isa = XCConfigurationList;
			buildConfigurations = (
				696564DB2B2DD6FF00FD8CEB /* Debug */,
				696564DC2B2DD6FF00FD8CEB /* Release */,
			);
			defaultConfigurationIsVisible = 0;
			defaultConfigurationName = Release;
		};
/* End XCConfigurationList section */
	};
	rootObject = 696564A82B2DD6FD00FD8CEB /* Project object */;
}
